{
    "format_version": "1.2",
    "terraform_version": "1.9.8",
    "variables": {
        "TF_TOKEN_app_terraform_io": {
            "value": ""
        },
        "default_tags": {
            "value": {
                "Environment": "Prod",
                "Project": "GitOps-2024",
                "Service": "GitOps Bootcamp"
            }
        },
        "instance_type": {
            "value": "t3.micro"
        },
        "region": {
            "value": "eu-west-2"
        }
    },
    "planned_values": {
        "outputs": {
            "grafana_ip": {
                "sensitive": false
            }
        },
        "root_module": {
            "resources": [
                {
                    "address": "aws_instance.grafana_server",
                    "mode": "managed",
                    "type": "aws_instance",
                    "name": "grafana_server",
                    "provider_name": "registry.terraform.io/hashicorp/aws",
                    "schema_version": 1,
                    "values": {
                        "ami": "ami-03ceeb33c1e4abcd1",
                        "credit_specification": [],
                        "get_password_data": false,
                        "hibernation": null,
                        "instance_type": "t3.micro",
                        "launch_template": [],
                        "source_dest_check": true,
                        "tags": {
                            "Name": "grafana-server"
                        },
                        "tags_all": {
                            "Environment": "Prod",
                            "Name": "grafana-server",
                            "Project": "GitOps-2024",
                            "Service": "GitOps Bootcamp"
                        },
                        "timeouts": null,
                        "user_data": "829fb476176e8de655d5449a8790a17650f3af0e",
                        "user_data_replace_on_change": false,
                        "volume_tags": null
                    },
                    "sensitive_values": {
                        "capacity_reservation_specification": [],
                        "cpu_options": [],
                        "credit_specification": [],
                        "ebs_block_device": [],
                        "enclave_options": [],
                        "ephemeral_block_device": [],
                        "instance_market_options": [],
                        "ipv6_addresses": [],
                        "launch_template": [],
                        "maintenance_options": [],
                        "metadata_options": [],
                        "network_interface": [],
                        "private_dns_name_options": [],
                        "root_block_device": [],
                        "secondary_private_ips": [],
                        "security_groups": [],
                        "tags": {},
                        "tags_all": {},
                        "vpc_security_group_ids": []
                    }
                },
                {
                    "address": "aws_internet_gateway.gitops_igw",
                    "mode": "managed",
                    "type": "aws_internet_gateway",
                    "name": "gitops_igw",
                    "provider_name": "registry.terraform.io/hashicorp/aws",
                    "schema_version": 0,
                    "values": {
                        "tags": {
                            "Environment": "Prod",
                            "Name": "gitops-igw",
                            "Project": "GitOps-2024",
                            "Service": "GitOps Bootcamp"
                        },
                        "tags_all": {
                            "Environment": "Prod",
                            "Name": "gitops-igw",
                            "Project": "GitOps-2024",
                            "Service": "GitOps Bootcamp"
                        },
                        "timeouts": null
                    },
                    "sensitive_values": {
                        "tags": {},
                        "tags_all": {}
                    }
                },
                {
                    "address": "aws_route_table.gitops_rt",
                    "mode": "managed",
                    "type": "aws_route_table",
                    "name": "gitops_rt",
                    "provider_name": "registry.terraform.io/hashicorp/aws",
                    "schema_version": 0,
                    "values": {
                        "route": [
                            {
                                "carrier_gateway_id": "",
                                "cidr_block": "0.0.0.0/0",
                                "core_network_arn": "",
                                "destination_prefix_list_id": "",
                                "egress_only_gateway_id": "",
                                "ipv6_cidr_block": "",
                                "local_gateway_id": "",
                                "nat_gateway_id": "",
                                "network_interface_id": "",
                                "transit_gateway_id": "",
                                "vpc_endpoint_id": "",
                                "vpc_peering_connection_id": ""
                            }
                        ],
                        "tags": {
                            "Environment": "Prod",
                            "Name": "gitops-rt",
                            "Project": "GitOps-2024",
                            "Service": "GitOps Bootcamp"
                        },
                        "tags_all": {
                            "Environment": "Prod",
                            "Name": "gitops-rt",
                            "Project": "GitOps-2024",
                            "Service": "GitOps Bootcamp"
                        },
                        "timeouts": null
                    },
                    "sensitive_values": {
                        "propagating_vgws": [],
                        "route": [
                            {}
                        ],
                        "tags": {},
                        "tags_all": {}
                    }
                },
                {
                    "address": "aws_route_table_association.gitops_rta",
                    "mode": "managed",
                    "type": "aws_route_table_association",
                    "name": "gitops_rta",
                    "provider_name": "registry.terraform.io/hashicorp/aws",
                    "schema_version": 0,
                    "values": {
                        "gateway_id": null,
                        "timeouts": null
                    },
                    "sensitive_values": {}
                },
                {
                    "address": "aws_security_group.gitops_sg",
                    "mode": "managed",
                    "type": "aws_security_group",
                    "name": "gitops_sg",
                    "provider_name": "registry.terraform.io/hashicorp/aws",
                    "schema_version": 1,
                    "values": {
                        "description": "Allow port 3000",
                        "egress": [
                            {
                                "cidr_blocks": [
                                    "0.0.0.0/0"
                                ],
                                "description": "",
                                "from_port": 0,
                                "ipv6_cidr_blocks": [],
                                "prefix_list_ids": [],
                                "protocol": "-1",
                                "security_groups": [],
                                "self": false,
                                "to_port": 0
                            }
                        ],
                        "ingress": [
                            {
                                "cidr_blocks": [
                                    "0.0.0.0/0"
                                ],
                                "description": "",
                                "from_port": 3000,
                                "ipv6_cidr_blocks": [],
                                "prefix_list_ids": [],
                                "protocol": "tcp",
                                "security_groups": [],
                                "self": false,
                                "to_port": 3000
                            }
                        ],
                        "name": "gitops_sg",
                        "revoke_rules_on_delete": false,
                        "tags": {
                            "Environment": "Prod",
                            "Name": "gitops-sg",
                            "Project": "GitOps-2024",
                            "Service": "GitOps Bootcamp"
                        },
                        "tags_all": {
                            "Environment": "Prod",
                            "Name": "gitops-sg",
                            "Project": "GitOps-2024",
                            "Service": "GitOps Bootcamp"
                        },
                        "timeouts": null
                    },
                    "sensitive_values": {
                        "egress": [
                            {
                                "cidr_blocks": [
                                    false
                                ],
                                "ipv6_cidr_blocks": [],
                                "prefix_list_ids": [],
                                "security_groups": []
                            }
                        ],
                        "ingress": [
                            {
                                "cidr_blocks": [
                                    false
                                ],
                                "ipv6_cidr_blocks": [],
                                "prefix_list_ids": [],
                                "security_groups": []
                            }
                        ],
                        "tags": {},
                        "tags_all": {}
                    }
                },
                {
                    "address": "aws_subnet.gitops_subnet",
                    "mode": "managed",
                    "type": "aws_subnet",
                    "name": "gitops_subnet",
                    "provider_name": "registry.terraform.io/hashicorp/aws",
                    "schema_version": 1,
                    "values": {
                        "assign_ipv6_address_on_creation": false,
                        "cidr_block": "10.0.1.0/24",
                        "customer_owned_ipv4_pool": null,
                        "enable_dns64": false,
                        "enable_lni_at_device_index": null,
                        "enable_resource_name_dns_a_record_on_launch": false,
                        "enable_resource_name_dns_aaaa_record_on_launch": false,
                        "ipv6_cidr_block": null,
                        "ipv6_native": false,
                        "map_customer_owned_ip_on_launch": null,
                        "map_public_ip_on_launch": true,
                        "outpost_arn": null,
                        "tags": {
                            "Environment": "Prod",
                            "Name": "gitops-subnet",
                            "Project": "GitOps-2024",
                            "Service": "GitOps Bootcamp"
                        },
                        "tags_all": {
                            "Environment": "Prod",
                            "Name": "gitops-subnet",
                            "Project": "GitOps-2024",
                            "Service": "GitOps Bootcamp"
                        },
                        "timeouts": null
                    },
                    "sensitive_values": {
                        "tags": {},
                        "tags_all": {}
                    }
                },
                {
                    "address": "aws_vpc.gitops_vpc",
                    "mode": "managed",
                    "type": "aws_vpc",
                    "name": "gitops_vpc",
                    "provider_name": "registry.terraform.io/hashicorp/aws",
                    "schema_version": 1,
                    "values": {
                        "assign_generated_ipv6_cidr_block": null,
                        "cidr_block": "10.0.0.0/16",
                        "enable_dns_hostnames": true,
                        "enable_dns_support": true,
                        "instance_tenancy": "default",
                        "ipv4_ipam_pool_id": null,
                        "ipv4_netmask_length": null,
                        "ipv6_ipam_pool_id": null,
                        "ipv6_netmask_length": null,
                        "tags": {
                            "Environment": "Prod",
                            "Name": "gitops-vpc",
                            "Project": "GitOps-2024",
                            "Service": "GitOps Bootcamp"
                        },
                        "tags_all": {
                            "Environment": "Prod",
                            "Name": "gitops-vpc",
                            "Project": "GitOps-2024",
                            "Service": "GitOps Bootcamp"
                        }
                    },
                    "sensitive_values": {
                        "tags": {},
                        "tags_all": {}
                    }
                },
                {
                    "address": "data.http.test",
                    "mode": "data",
                    "type": "http",
                    "name": "test",
                    "provider_name": "registry.terraform.io/hashicorp/http",
                    "schema_version": 0,
                    "values": {
                        "ca_cert_pem": null,
                        "insecure": null,
                        "method": null,
                        "request_body": null,
                        "request_headers": null,
                        "request_timeout_ms": null,
                        "retry": {
                            "attempts": 5,
                            "max_delay_ms": null,
                            "min_delay_ms": null
                        }
                    },
                    "sensitive_values": {
                        "response_headers": {},
                        "retry": {}
                    }
                }
            ]
        }
    },
    "resource_changes": [
        {
            "address": "data.http.test",
            "mode": "data",
            "type": "http",
            "name": "test",
            "provider_name": "registry.terraform.io/hashicorp/http",
            "change": {
                "actions": [
                    "read"
                ],
                "before": null,
                "after": {
                    "ca_cert_pem": null,
                    "insecure": null,
                    "method": null,
                    "request_body": null,
                    "request_headers": null,
                    "request_timeout_ms": null,
                    "retry": {
                        "attempts": 5,
                        "max_delay_ms": null,
                        "min_delay_ms": null
                    }
                },
                "after_unknown": {
                    "body": true,
                    "id": true,
                    "response_body": true,
                    "response_body_base64": true,
                    "response_headers": true,
                    "retry": {},
                    "status_code": true,
                    "url": true
                },
                "before_sensitive": false,
                "after_sensitive": {
                    "response_headers": {},
                    "retry": {}
                }
            },
            "action_reason": "read_because_config_unknown"
        },
        {
            "address": "aws_instance.grafana_server",
            "mode": "managed",
            "type": "aws_instance",
            "name": "grafana_server",
            "provider_name": "registry.terraform.io/hashicorp/aws",
            "change": {
                "actions": [
                    "create"
                ],
                "before": null,
                "after": {
                    "ami": "ami-03ceeb33c1e4abcd1",
                    "credit_specification": [],
                    "get_password_data": false,
                    "hibernation": null,
                    "instance_type": "t3.micro",
                    "launch_template": [],
                    "source_dest_check": true,
                    "tags": {
                        "Name": "grafana-server"
                    },
                    "tags_all": {
                        "Environment": "Prod",
                        "Name": "grafana-server",
                        "Project": "GitOps-2024",
                        "Service": "GitOps Bootcamp"
                    },
                    "timeouts": null,
                    "user_data": "829fb476176e8de655d5449a8790a17650f3af0e",
                    "user_data_replace_on_change": false,
                    "volume_tags": null
                },
                "after_unknown": {
                    "arn": true,
                    "associate_public_ip_address": true,
                    "availability_zone": true,
                    "capacity_reservation_specification": true,
                    "cpu_core_count": true,
                    "cpu_options": true,
                    "cpu_threads_per_core": true,
                    "credit_specification": [],
                    "disable_api_stop": true,
                    "disable_api_termination": true,
                    "ebs_block_device": true,
                    "ebs_optimized": true,
                    "enclave_options": true,
                    "ephemeral_block_device": true,
                    "host_id": true,
                    "host_resource_group_arn": true,
                    "iam_instance_profile": true,
                    "id": true,
                    "instance_initiated_shutdown_behavior": true,
                    "instance_lifecycle": true,
                    "instance_market_options": true,
                    "instance_state": true,
                    "ipv6_address_count": true,
                    "ipv6_addresses": true,
                    "key_name": true,
                    "launch_template": [],
                    "maintenance_options": true,
                    "metadata_options": true,
                    "monitoring": true,
                    "network_interface": true,
                    "outpost_arn": true,
                    "password_data": true,
                    "placement_group": true,
                    "placement_partition_number": true,
                    "primary_network_interface_id": true,
                    "private_dns": true,
                    "private_dns_name_options": true,
                    "private_ip": true,
                    "public_dns": true,
                    "public_ip": true,
                    "root_block_device": true,
                    "secondary_private_ips": true,
                    "security_groups": true,
                    "spot_instance_request_id": true,
                    "subnet_id": true,
                    "tags": {},
                    "tags_all": {},
                    "tenancy": true,
                    "user_data_base64": true,
                    "vpc_security_group_ids": true
                },
                "before_sensitive": false,
                "after_sensitive": {
                    "capacity_reservation_specification": [],
                    "cpu_options": [],
                    "credit_specification": [],
                    "ebs_block_device": [],
                    "enclave_options": [],
                    "ephemeral_block_device": [],
                    "instance_market_options": [],
                    "ipv6_addresses": [],
                    "launch_template": [],
                    "maintenance_options": [],
                    "metadata_options": [],
                    "network_interface": [],
                    "private_dns_name_options": [],
                    "root_block_device": [],
                    "secondary_private_ips": [],
                    "security_groups": [],
                    "tags": {},
                    "tags_all": {},
                    "vpc_security_group_ids": []
                }
            }
        },
        {
            "address": "aws_internet_gateway.gitops_igw",
            "mode": "managed",
            "type": "aws_internet_gateway",
            "name": "gitops_igw",
            "provider_name": "registry.terraform.io/hashicorp/aws",
            "change": {
                "actions": [
                    "create"
                ],
                "before": null,
                "after": {
                    "tags": {
                        "Environment": "Prod",
                        "Name": "gitops-igw",
                        "Project": "GitOps-2024",
                        "Service": "GitOps Bootcamp"
                    },
                    "tags_all": {
                        "Environment": "Prod",
                        "Name": "gitops-igw",
                        "Project": "GitOps-2024",
                        "Service": "GitOps Bootcamp"
                    },
                    "timeouts": null
                },
                "after_unknown": {
                    "arn": true,
                    "id": true,
                    "owner_id": true,
                    "tags": {},
                    "tags_all": {},
                    "vpc_id": true
                },
                "before_sensitive": false,
                "after_sensitive": {
                    "tags": {},
                    "tags_all": {}
                }
            }
        },
        {
            "address": "aws_route_table.gitops_rt",
            "mode": "managed",
            "type": "aws_route_table",
            "name": "gitops_rt",
            "provider_name": "registry.terraform.io/hashicorp/aws",
            "change": {
                "actions": [
                    "create"
                ],
                "before": null,
                "after": {
                    "route": [
                        {
                            "carrier_gateway_id": "",
                            "cidr_block": "0.0.0.0/0",
                            "core_network_arn": "",
                            "destination_prefix_list_id": "",
                            "egress_only_gateway_id": "",
                            "ipv6_cidr_block": "",
                            "local_gateway_id": "",
                            "nat_gateway_id": "",
                            "network_interface_id": "",
                            "transit_gateway_id": "",
                            "vpc_endpoint_id": "",
                            "vpc_peering_connection_id": ""
                        }
                    ],
                    "tags": {
                        "Environment": "Prod",
                        "Name": "gitops-rt",
                        "Project": "GitOps-2024",
                        "Service": "GitOps Bootcamp"
                    },
                    "tags_all": {
                        "Environment": "Prod",
                        "Name": "gitops-rt",
                        "Project": "GitOps-2024",
                        "Service": "GitOps Bootcamp"
                    },
                    "timeouts": null
                },
                "after_unknown": {
                    "arn": true,
                    "id": true,
                    "owner_id": true,
                    "propagating_vgws": true,
                    "route": [
                        {
                            "gateway_id": true
                        }
                    ],
                    "tags": {},
                    "tags_all": {},
                    "vpc_id": true
                },
                "before_sensitive": false,
                "after_sensitive": {
                    "propagating_vgws": [],
                    "route": [
                        {}
                    ],
                    "tags": {},
                    "tags_all": {}
                }
            }
        },
        {
            "address": "aws_route_table_association.gitops_rta",
            "mode": "managed",
            "type": "aws_route_table_association",
            "name": "gitops_rta",
            "provider_name": "registry.terraform.io/hashicorp/aws",
            "change": {
                "actions": [
                    "create"
                ],
                "before": null,
                "after": {
                    "gateway_id": null,
                    "timeouts": null
                },
                "after_unknown": {
                    "id": true,
                    "route_table_id": true,
                    "subnet_id": true
                },
                "before_sensitive": false,
                "after_sensitive": {}
            }
        },
        {
            "address": "aws_security_group.gitops_sg",
            "mode": "managed",
            "type": "aws_security_group",
            "name": "gitops_sg",
            "provider_name": "registry.terraform.io/hashicorp/aws",
            "change": {
                "actions": [
                    "create"
                ],
                "before": null,
                "after": {
                    "description": "Allow port 3000",
                    "egress": [
                        {
                            "cidr_blocks": [
                                "0.0.0.0/0"
                            ],
                            "description": "",
                            "from_port": 0,
                            "ipv6_cidr_blocks": [],
                            "prefix_list_ids": [],
                            "protocol": "-1",
                            "security_groups": [],
                            "self": false,
                            "to_port": 0
                        }
                    ],
                    "ingress": [
                        {
                            "cidr_blocks": [
                                "0.0.0.0/0"
                            ],
                            "description": "",
                            "from_port": 3000,
                            "ipv6_cidr_blocks": [],
                            "prefix_list_ids": [],
                            "protocol": "tcp",
                            "security_groups": [],
                            "self": false,
                            "to_port": 3000
                        }
                    ],
                    "name": "gitops_sg",
                    "revoke_rules_on_delete": false,
                    "tags": {
                        "Environment": "Prod",
                        "Name": "gitops-sg",
                        "Project": "GitOps-2024",
                        "Service": "GitOps Bootcamp"
                    },
                    "tags_all": {
                        "Environment": "Prod",
                        "Name": "gitops-sg",
                        "Project": "GitOps-2024",
                        "Service": "GitOps Bootcamp"
                    },
                    "timeouts": null
                },
                "after_unknown": {
                    "arn": true,
                    "egress": [
                        {
                            "cidr_blocks": [
                                false
                            ],
                            "ipv6_cidr_blocks": [],
                            "prefix_list_ids": [],
                            "security_groups": []
                        }
                    ],
                    "id": true,
                    "ingress": [
                        {
                            "cidr_blocks": [
                                false
                            ],
                            "ipv6_cidr_blocks": [],
                            "prefix_list_ids": [],
                            "security_groups": []
                        }
                    ],
                    "name_prefix": true,
                    "owner_id": true,
                    "tags": {},
                    "tags_all": {},
                    "vpc_id": true
                },
                "before_sensitive": false,
                "after_sensitive": {
                    "egress": [
                        {
                            "cidr_blocks": [
                                false
                            ],
                            "ipv6_cidr_blocks": [],
                            "prefix_list_ids": [],
                            "security_groups": []
                        }
                    ],
                    "ingress": [
                        {
                            "cidr_blocks": [
                                false
                            ],
                            "ipv6_cidr_blocks": [],
                            "prefix_list_ids": [],
                            "security_groups": []
                        }
                    ],
                    "tags": {},
                    "tags_all": {}
                }
            }
        },
        {
            "address": "aws_subnet.gitops_subnet",
            "mode": "managed",
            "type": "aws_subnet",
            "name": "gitops_subnet",
            "provider_name": "registry.terraform.io/hashicorp/aws",
            "change": {
                "actions": [
                    "create"
                ],
                "before": null,
                "after": {
                    "assign_ipv6_address_on_creation": false,
                    "cidr_block": "10.0.1.0/24",
                    "customer_owned_ipv4_pool": null,
                    "enable_dns64": false,
                    "enable_lni_at_device_index": null,
                    "enable_resource_name_dns_a_record_on_launch": false,
                    "enable_resource_name_dns_aaaa_record_on_launch": false,
                    "ipv6_cidr_block": null,
                    "ipv6_native": false,
                    "map_customer_owned_ip_on_launch": null,
                    "map_public_ip_on_launch": true,
                    "outpost_arn": null,
                    "tags": {
                        "Environment": "Prod",
                        "Name": "gitops-subnet",
                        "Project": "GitOps-2024",
                        "Service": "GitOps Bootcamp"
                    },
                    "tags_all": {
                        "Environment": "Prod",
                        "Name": "gitops-subnet",
                        "Project": "GitOps-2024",
                        "Service": "GitOps Bootcamp"
                    },
                    "timeouts": null
                },
                "after_unknown": {
                    "arn": true,
                    "availability_zone": true,
                    "availability_zone_id": true,
                    "id": true,
                    "ipv6_cidr_block_association_id": true,
                    "owner_id": true,
                    "private_dns_hostname_type_on_launch": true,
                    "tags": {},
                    "tags_all": {},
                    "vpc_id": true
                },
                "before_sensitive": false,
                "after_sensitive": {
                    "tags": {},
                    "tags_all": {}
                }
            }
        },
        {
            "address": "aws_vpc.gitops_vpc",
            "mode": "managed",
            "type": "aws_vpc",
            "name": "gitops_vpc",
            "provider_name": "registry.terraform.io/hashicorp/aws",
            "change": {
                "actions": [
                    "create"
                ],
                "before": null,
                "after": {
                    "assign_generated_ipv6_cidr_block": null,
                    "cidr_block": "10.0.0.0/16",
                    "enable_dns_hostnames": true,
                    "enable_dns_support": true,
                    "instance_tenancy": "default",
                    "ipv4_ipam_pool_id": null,
                    "ipv4_netmask_length": null,
                    "ipv6_ipam_pool_id": null,
                    "ipv6_netmask_length": null,
                    "tags": {
                        "Environment": "Prod",
                        "Name": "gitops-vpc",
                        "Project": "GitOps-2024",
                        "Service": "GitOps Bootcamp"
                    },
                    "tags_all": {
                        "Environment": "Prod",
                        "Name": "gitops-vpc",
                        "Project": "GitOps-2024",
                        "Service": "GitOps Bootcamp"
                    }
                },
                "after_unknown": {
                    "arn": true,
                    "default_network_acl_id": true,
                    "default_route_table_id": true,
                    "default_security_group_id": true,
                    "dhcp_options_id": true,
                    "enable_network_address_usage_metrics": true,
                    "id": true,
                    "ipv6_association_id": true,
                    "ipv6_cidr_block": true,
                    "ipv6_cidr_block_network_border_group": true,
                    "main_route_table_id": true,
                    "owner_id": true,
                    "tags": {},
                    "tags_all": {}
                },
                "before_sensitive": false,
                "after_sensitive": {
                    "tags": {},
                    "tags_all": {}
                }
            }
        }
    ],
    "output_changes": {
        "grafana_ip": {
            "actions": [
                "create"
            ],
            "before": null,
            "after_unknown": true,
            "before_sensitive": false,
            "after_sensitive": false
        }
    },
    "prior_state": {
        "format_version": "1.0",
        "terraform_version": "1.9.8",
        "values": {
            "root_module": {
                "resources": [
                    {
                        "address": "data.aws_ami.ubuntu",
                        "mode": "data",
                        "type": "aws_ami",
                        "name": "ubuntu",
                        "provider_name": "registry.terraform.io/hashicorp/aws",
                        "schema_version": 0,
                        "values": {
                            "architecture": "x86_64",
                            "arn": "arn:aws:ec2:eu-west-2::image/ami-03ceeb33c1e4abcd1",
                            "block_device_mappings": [
                                {
                                    "device_name": "/dev/sda1",
                                    "ebs": {
                                        "delete_on_termination": "true",
                                        "encrypted": "false",
                                        "iops": "0",
                                        "snapshot_id": "snap-07db6fcada8a64b10",
                                        "throughput": "0",
                                        "volume_size": "8",
                                        "volume_type": "gp2"
                                    },
                                    "no_device": "",
                                    "virtual_name": ""
                                },
                                {
                                    "device_name": "/dev/sdb",
                                    "ebs": {},
                                    "no_device": "",
                                    "virtual_name": "ephemeral0"
                                },
                                {
                                    "device_name": "/dev/sdc",
                                    "ebs": {},
                                    "no_device": "",
                                    "virtual_name": "ephemeral1"
                                }
                            ],
                            "boot_mode": "uefi-preferred",
                            "creation_date": "2024-09-27T03:11:32.000Z",
                            "deprecation_time": "2026-09-27T03:11:32.000Z",
                            "description": "Canonical, Ubuntu, 22.04 LTS, amd64 jammy image build on 2024-09-27",
                            "ena_support": true,
                            "executable_users": null,
                            "filter": [
                                {
                                    "name": "name",
                                    "values": [
                                        "ubuntu/images/hvm-ssd/ubuntu-jammy-22.04-amd64-server-*"
                                    ]
                                },
                                {
                                    "name": "virtualization-type",
                                    "values": [
                                        "hvm"
                                    ]
                                }
                            ],
                            "hypervisor": "xen",
                            "id": "ami-03ceeb33c1e4abcd1",
                            "image_id": "ami-03ceeb33c1e4abcd1",
                            "image_location": "amazon/ubuntu/images/hvm-ssd/ubuntu-jammy-22.04-amd64-server-20240927",
                            "image_owner_alias": "amazon",
                            "image_type": "machine",
                            "imds_support": "",
                            "include_deprecated": false,
                            "kernel_id": "",
                            "most_recent": true,
                            "name": "ubuntu/images/hvm-ssd/ubuntu-jammy-22.04-amd64-server-20240927",
                            "name_regex": null,
                            "owner_id": "099720109477",
                            "owners": [
                                "099720109477"
                            ],
                            "platform": "",
                            "platform_details": "Linux/UNIX",
                            "product_codes": [],
                            "public": true,
                            "ramdisk_id": "",
                            "root_device_name": "/dev/sda1",
                            "root_device_type": "ebs",
                            "root_snapshot_id": "snap-07db6fcada8a64b10",
                            "sriov_net_support": "simple",
                            "state": "available",
                            "state_reason": {
                                "code": "UNSET",
                                "message": "UNSET"
                            },
                            "tags": {},
                            "timeouts": null,
                            "tpm_support": "",
                            "usage_operation": "RunInstances",
                            "virtualization_type": "hvm"
                        },
                        "sensitive_values": {
                            "block_device_mappings": [
                                {
                                    "ebs": {}
                                },
                                {
                                    "ebs": {}
                                },
                                {
                                    "ebs": {}
                                }
                            ],
                            "filter": [
                                {
                                    "values": [
                                        false
                                    ]
                                },
                                {
                                    "values": [
                                        false
                                    ]
                                }
                            ],
                            "owners": [
                                false
                            ],
                            "product_codes": [],
                            "state_reason": {},
                            "tags": {}
                        }
                    }
                ]
            }
        }
    },
    "configuration": {
        "provider_config": {
            "aws": {
                "name": "aws",
                "full_name": "registry.terraform.io/hashicorp/aws",
                "version_constraint": "5.69.0",
                "expressions": {
                    "default_tags": [
                        {
                            "tags": {
                                "constant_value": {
                                    "Environment": "Prod",
                                    "Project": "GitOps-2024",
                                    "Service": "GitOps Bootcamp"
                                }
                            }
                        }
                    ]
                }
            },
            "aws.Prod": {
                "name": "aws",
                "full_name": "registry.terraform.io/hashicorp/aws",
                "alias": "Prod",
                "version_constraint": "5.69.0",
                "expressions": {
                    "default_tags": [
                        {
                            "tags": {
                                "constant_value": {
                                    "Environment": "Prod",
                                    "Project": "GitOps-2024",
                                    "Service": "GitOps Bootcamp"
                                }
                            }
                        }
                    ],
                    "region": {
                        "references": [
                            "var.region"
                        ]
                    }
                }
            },
            "aws.dev": {
                "name": "aws",
                "full_name": "registry.terraform.io/hashicorp/aws",
                "alias": "dev",
                "version_constraint": "5.69.0",
                "expressions": {
                    "default_tags": [
                        {
                            "tags": {
                                "constant_value": {
                                    "Environment": "Dev",
                                    "Project": "GitOps-2024",
                                    "Service": "GitOps Bootcamp"
                                }
                            }
                        }
                    ],
                    "region": {
                        "references": [
                            "var.region"
                        ]
                    }
                }
            },
            "github": {
                "name": "github",
                "full_name": "registry.terraform.io/integrations/github",
                "version_constraint": "~\u003e 6.0"
            },
            "http": {
                "name": "http",
                "full_name": "registry.terraform.io/hashicorp/http",
                "version_constraint": "3.4.5"
            }
        },
        "root_module": {
            "outputs": {
                "grafana_ip": {
                    "expression": {
                        "references": [
                            "aws_instance.grafana_server.public_ip",
                            "aws_instance.grafana_server"
                        ]
                    }
                }
            },
            "resources": [
                {
                    "address": "aws_instance.grafana_server",
                    "mode": "managed",
                    "type": "aws_instance",
                    "name": "grafana_server",
                    "provider_config_key": "aws",
                    "expressions": {
                        "ami": {
                            "references": [
                                "data.aws_ami.ubuntu.id",
                                "data.aws_ami.ubuntu"
                            ]
                        },
                        "instance_type": {
                            "references": [
                                "var.instance_type"
                            ]
                        },
                        "subnet_id": {
                            "references": [
                                "aws_subnet.gitops_subnet.id",
                                "aws_subnet.gitops_subnet"
                            ]
                        },
                        "tags": {
                            "constant_value": {
                                "Name": "grafana-server"
                            }
                        },
                        "user_data": {},
                        "vpc_security_group_ids": {
                            "references": [
                                "aws_security_group.gitops_sg.id",
                                "aws_security_group.gitops_sg"
                            ]
                        }
                    },
                    "schema_version": 1
                },
                {
                    "address": "aws_internet_gateway.gitops_igw",
                    "mode": "managed",
                    "type": "aws_internet_gateway",
                    "name": "gitops_igw",
                    "provider_config_key": "aws",
                    "expressions": {
                        "tags": {
                            "references": [
                                "var.default_tags"
                            ]
                        },
                        "vpc_id": {
                            "references": [
                                "aws_vpc.gitops_vpc.id",
                                "aws_vpc.gitops_vpc"
                            ]
                        }
                    },
                    "schema_version": 0
                },
                {
                    "address": "aws_route_table.gitops_rt",
                    "mode": "managed",
                    "type": "aws_route_table",
                    "name": "gitops_rt",
                    "provider_config_key": "aws",
                    "expressions": {
                        "route": {
                            "references": [
                                "aws_internet_gateway.gitops_igw.id",
                                "aws_internet_gateway.gitops_igw"
                            ]
                        },
                        "tags": {
                            "references": [
                                "var.default_tags"
                            ]
                        },
                        "vpc_id": {
                            "references": [
                                "aws_vpc.gitops_vpc.id",
                                "aws_vpc.gitops_vpc"
                            ]
                        }
                    },
                    "schema_version": 0
                },
                {
                    "address": "aws_route_table_association.gitops_rta",
                    "mode": "managed",
                    "type": "aws_route_table_association",
                    "name": "gitops_rta",
                    "provider_config_key": "aws",
                    "expressions": {
                        "route_table_id": {
                            "references": [
                                "aws_route_table.gitops_rt.id",
                                "aws_route_table.gitops_rt"
                            ]
                        },
                        "subnet_id": {
                            "references": [
                                "aws_subnet.gitops_subnet.id",
                                "aws_subnet.gitops_subnet"
                            ]
                        }
                    },
                    "schema_version": 0
                },
                {
                    "address": "aws_security_group.gitops_sg",
                    "mode": "managed",
                    "type": "aws_security_group",
                    "name": "gitops_sg",
                    "provider_config_key": "aws",
                    "expressions": {
                        "description": {
                            "constant_value": "Allow port 3000"
                        },
                        "egress": {
                            "constant_value": [
                                {
                                    "cidr_blocks": [
                                        "0.0.0.0/0"
                                    ],
                                    "description": null,
                                    "from_port": 0,
                                    "ipv6_cidr_blocks": null,
                                    "prefix_list_ids": null,
                                    "protocol": "-1",
                                    "security_groups": null,
                                    "self": null,
                                    "to_port": 0
                                }
                            ]
                        },
                        "ingress": {
                            "constant_value": [
                                {
                                    "cidr_blocks": [
                                        "0.0.0.0/0"
                                    ],
                                    "description": null,
                                    "from_port": 3000,
                                    "ipv6_cidr_blocks": null,
                                    "prefix_list_ids": null,
                                    "protocol": "tcp",
                                    "security_groups": null,
                                    "self": null,
                                    "to_port": 3000
                                }
                            ]
                        },
                        "name": {
                            "constant_value": "gitops_sg"
                        },
                        "tags": {
                            "references": [
                                "var.default_tags"
                            ]
                        },
                        "vpc_id": {
                            "references": [
                                "aws_vpc.gitops_vpc.id",
                                "aws_vpc.gitops_vpc"
                            ]
                        }
                    },
                    "schema_version": 1
                },
                {
                    "address": "aws_subnet.gitops_subnet",
                    "mode": "managed",
                    "type": "aws_subnet",
                    "name": "gitops_subnet",
                    "provider_config_key": "aws",
                    "expressions": {
                        "cidr_block": {
                            "constant_value": "10.0.1.0/24"
                        },
                        "map_public_ip_on_launch": {
                            "constant_value": true
                        },
                        "tags": {
                            "references": [
                                "var.default_tags"
                            ]
                        },
                        "vpc_id": {
                            "references": [
                                "aws_vpc.gitops_vpc.id",
                                "aws_vpc.gitops_vpc"
                            ]
                        }
                    },
                    "schema_version": 1
                },
                {
                    "address": "aws_vpc.gitops_vpc",
                    "mode": "managed",
                    "type": "aws_vpc",
                    "name": "gitops_vpc",
                    "provider_config_key": "aws",
                    "expressions": {
                        "cidr_block": {
                            "constant_value": "10.0.0.0/16"
                        },
                        "enable_dns_hostnames": {
                            "constant_value": true
                        },
                        "enable_dns_support": {
                            "constant_value": true
                        },
                        "tags": {
                            "references": [
                                "var.default_tags"
                            ]
                        }
                    },
                    "schema_version": 1
                },
                {
                    "address": "data.aws_ami.ubuntu",
                    "mode": "data",
                    "type": "aws_ami",
                    "name": "ubuntu",
                    "provider_config_key": "aws",
                    "expressions": {
                        "filter": [
                            {
                                "name": {
                                    "constant_value": "name"
                                },
                                "values": {
                                    "constant_value": [
                                        "ubuntu/images/hvm-ssd/ubuntu-jammy-22.04-amd64-server-*"
                                    ]
                                }
                            },
                            {
                                "name": {
                                    "constant_value": "virtualization-type"
                                },
                                "values": {
                                    "constant_value": [
                                        "hvm"
                                    ]
                                }
                            }
                        ],
                        "most_recent": {
                            "constant_value": true
                        },
                        "owners": {
                            "constant_value": [
                                "099720109477"
                            ]
                        }
                    },
                    "schema_version": 0
                },
                {
                    "address": "data.http.test",
                    "mode": "data",
                    "type": "http",
                    "name": "test",
                    "provider_config_key": "http",
                    "expressions": {
                        "retry": {
                            "attempts": {
                                "constant_value": 5
                            }
                        },
                        "url": {
                            "references": [
                                "aws_instance.grafana_server.public_ip",
                                "aws_instance.grafana_server"
                            ]
                        }
                    },
                    "schema_version": 0
                }
            ],
            "variables": {
                "TF_TOKEN_app_terraform_io": {
                    "default": ""
                },
                "default_tags": {
                    "default": {
                        "Environment": "Prod",
                        "Project": "GitOps-2024",
                        "Service": "GitOps Bootcamp"
                    }
                },
                "instance_type": {
                    "default": "t3.small"
                },
                "region": {
                    "default": "us-east-1"
                }
            }
        }
    },
    "relevant_attributes": [
        {
            "resource": "aws_vpc.gitops_vpc",
            "attribute": [
                "id"
            ]
        },
        {
            "resource": "aws_internet_gateway.gitops_igw",
            "attribute": [
                "id"
            ]
        },
        {
            "resource": "aws_route_table.gitops_rt",
            "attribute": [
                "id"
            ]
        },
        {
            "resource": "aws_subnet.gitops_subnet",
            "attribute": [
                "id"
            ]
        },
        {
            "resource": "data.aws_ami.ubuntu",
            "attribute": [
                "id"
            ]
        },
        {
            "resource": "aws_security_group.gitops_sg",
            "attribute": [
                "id"
            ]
        },
        {
            "resource": "aws_instance.grafana_server",
            "attribute": [
                "public_ip"
            ]
        }
    ],
    "checks": [
        {
            "address": {
                "kind": "check",
                "name": "grafana_health_check",
                "to_display": "check.grafana_health_check"
            },
            "status": "unknown",
            "instances": [
                {
                    "address": {
                        "to_display": "check.grafana_health_check"
                    },
                    "status": "unknown"
                }
            ]
        }
    ],
    "timestamp": "2024-10-27T19:54:31Z",
    "applyable": true,
    "complete": true,
    "errored": false
}